
Microsoft Visual Studio Solution File, Format Version 12.00
# Visual Studio Version 16
VisualStudioVersion = 16.0.30320.27
MinimumVisualStudioVersion = 10.0.40219.1
Project("{FAE04EC0-301F-11D3-BF4B-00C04F79EFBC}") = "BasicWebEvents", "BasicWebEvents\BasicWebEvents.csproj", "{12C1974B-AB2B-42CC-A0D6-DA476863A6AD}"
EndProject
Project("{FAE04EC0-301F-11D3-BF4B-00C04F79EFBC}") = "BasicWindowsEvents", "BasicWindowsEvents\BasicWindowsEvents.csproj", "{20297C4B-5B98-42B0-A845-C5ECC8A8DC35}"
EndProject
Global
	GlobalSection(SolutionConfigurationPlatforms) = preSolution
		Debug|Any CPU = Debug|Any CPU
		Release|Any CPU = Release|Any CPU
	EndGlobalSection
	GlobalSection(ProjectConfigurationPlatforms) = postSolution
		{12C1974B-AB2B-42CC-A0D6-DA476863A6AD}.Debug|Any CPU.ActiveCfg = Debug|Any CPU
		{12C1974B-AB2B-42CC-A0D6-DA476863A6AD}.Debug|Any CPU.Build.0 = Debug|Any CPU
		{12C1974B-AB2B-42CC-A0D6-DA476863A6AD}.Release|Any CPU.ActiveCfg = Release|Any CPU
		{12C1974B-AB2B-42CC-A0D6-DA476863A6AD}.Release|Any CPU.Build.0 = Release|Any CPU
		{20297C4B-5B98-42B0-A845-C5ECC8A8DC35}.Debug|Any CPU.ActiveCfg = Debug|Any CPU
		{20297C4B-5B98-42B0-A845-C5ECC8A8DC35}.Debug|Any CPU.Build.0 = Debug|Any CPU
		{20297C4B-5B98-42B0-A845-C5ECC8A8DC35}.Release|Any CPU.ActiveCfg = Release|Any CPU
		{20297C4B-5B98-42B0-A845-C5ECC8A8DC35}.Release|Any CPU.Build.0 = Release|Any CPU
	EndGlobalSection
	GlobalSection(SolutionProperties) = preSolution
		HideSolutionNode = FALSE
	EndGlobalSection
	GlobalSection(ExtensibilityGlobals) = postSolution
		SolutionGuid = {373CF786-A620-48C7-A900-F77AB524FF7C}
	EndGlobalSection
EndGlobal
